
Microsoft Visual Studio Solution File, Format Version 12.00
# Visual Studio 15
VisualStudioVersion = 15.0.26430.16
MinimumVisualStudioVersion = 10.0.40219.1
Project("{8BC9CEB8-8B4A-11D0-8D11-00A0C91BC942}") = "P2", "P2\P2.vcxproj", "{4D610557-B9DA-4F05-9AF6-7CCF8C7A59AE}"
EndProject
Project("{8BC9CEB8-8B4A-11D0-8D11-00A0C91BC942}") = "hanoi", "hanoi\hanoi.vcxproj", "{AD75BEC2-520F-4D35-A219-CA0D922751F6}"
EndProject
Project("{8BC9CEB8-8B4A-11D0-8D11-00A0C91BC942}") = "P3", "P3\P3.vcxproj", "{5DCE3242-13DC-4039-BC7C-BDAB497DC4AF}"
EndProject
Project("{2150E333-8FDC-42A3-9474-1A3956D46DE8}") = "Pruebas", "Pruebas", "{1E3EDEFC-6E2B-438A-81CD-FC5BA448796A}"
EndProject
Project("{8BC9CEB8-8B4A-11D0-8D11-00A0C91BC942}") = "P5", "P5\P5.vcxproj", "{41369A81-50EC-43FC-8E45-B3E0FA0613FE}"
EndProject
Project("{8BC9CEB8-8B4A-11D0-8D11-00A0C91BC942}") = "P4", "P4\P4.vcxproj", "{43B95CB2-E88E-4301-B07C-72EE59DC3ED1}"
EndProject
Project("{8BC9CEB8-8B4A-11D0-8D11-00A0C91BC942}") = "P6", "P6\P6.vcxproj", "{862175AC-EEBA-4A52-8BE6-9702C67F4076}"
EndProject
Project("{8BC9CEB8-8B4A-11D0-8D11-00A0C91BC942}") = "P7", "P7\P7.vcxproj", "{35807F3D-CFB2-4665-BF3B-F7DAE64ED681}"
EndProject
Project("{8BC9CEB8-8B4A-11D0-8D11-00A0C91BC942}") = "Nim", "Nim\Nim.vcxproj", "{5CBBC855-D1F2-4DF6-B774-11DF2CD3FACE}"
EndProject
Project("{8BC9CEB8-8B4A-11D0-8D11-00A0C91BC942}") = "P8", "P8\P8.vcxproj", "{E049EDF2-9D10-4506-824A-8BB73D9697D6}"
EndProject
Project("{8BC9CEB8-8B4A-11D0-8D11-00A0C91BC942}") = "P9", "P9\P9.vcxproj", "{D84BFE60-AA3C-423B-AFE4-91E4411EF90D}"
EndProject
Project("{8BC9CEB8-8B4A-11D0-8D11-00A0C91BC942}") = "P10", "P10\P10.vcxproj", "{D8B91165-3584-4E9F-A96B-6F9AAA1CE13C}"
EndProject
Project("{8BC9CEB8-8B4A-11D0-8D11-00A0C91BC942}") = "PruebaCSP", "PruebaCSP\PruebaCSP.vcxproj", "{148EB90D-3F08-438E-A6B0-B1321E539288}"
EndProject
Project("{8BC9CEB8-8B4A-11D0-8D11-00A0C91BC942}") = "P11", "P11\P11.vcxproj", "{66D0B9A6-2434-43EF-B477-2F5F08448630}"
EndProject
Project("{8BC9CEB8-8B4A-11D0-8D11-00A0C91BC942}") = "P13", "P13\P13.vcxproj", "{F30EED68-8800-4342-B733-5C3F5A405E13}"
EndProject
Project("{8BC9CEB8-8B4A-11D0-8D11-00A0C91BC942}") = "P1", "P1\taquin.vcxproj", "{05566DA3-4D24-43F3-A729-DAE7D8CDAADF}"
EndProject
Global
	GlobalSection(SolutionConfigurationPlatforms) = preSolution
		Debug|x64 = Debug|x64
		Debug|x86 = Debug|x86
		Release|x64 = Release|x64
		Release|x86 = Release|x86
	EndGlobalSection
	GlobalSection(ProjectConfigurationPlatforms) = postSolution
		{4D610557-B9DA-4F05-9AF6-7CCF8C7A59AE}.Debug|x64.ActiveCfg = Debug|x64
		{4D610557-B9DA-4F05-9AF6-7CCF8C7A59AE}.Debug|x64.Build.0 = Debug|x64
		{4D610557-B9DA-4F05-9AF6-7CCF8C7A59AE}.Debug|x86.ActiveCfg = Debug|Win32
		{4D610557-B9DA-4F05-9AF6-7CCF8C7A59AE}.Debug|x86.Build.0 = Debug|Win32
		{4D610557-B9DA-4F05-9AF6-7CCF8C7A59AE}.Release|x64.ActiveCfg = Release|x64
		{4D610557-B9DA-4F05-9AF6-7CCF8C7A59AE}.Release|x64.Build.0 = Release|x64
		{4D610557-B9DA-4F05-9AF6-7CCF8C7A59AE}.Release|x86.ActiveCfg = Release|Win32
		{4D610557-B9DA-4F05-9AF6-7CCF8C7A59AE}.Release|x86.Build.0 = Release|Win32
		{AD75BEC2-520F-4D35-A219-CA0D922751F6}.Debug|x64.ActiveCfg = Debug|x64
		{AD75BEC2-520F-4D35-A219-CA0D922751F6}.Debug|x64.Build.0 = Debug|x64
		{AD75BEC2-520F-4D35-A219-CA0D922751F6}.Debug|x86.ActiveCfg = Debug|Win32
		{AD75BEC2-520F-4D35-A219-CA0D922751F6}.Debug|x86.Build.0 = Debug|Win32
		{AD75BEC2-520F-4D35-A219-CA0D922751F6}.Release|x64.ActiveCfg = Release|x64
		{AD75BEC2-520F-4D35-A219-CA0D922751F6}.Release|x64.Build.0 = Release|x64
		{AD75BEC2-520F-4D35-A219-CA0D922751F6}.Release|x86.ActiveCfg = Release|Win32
		{AD75BEC2-520F-4D35-A219-CA0D922751F6}.Release|x86.Build.0 = Release|Win32
		{5DCE3242-13DC-4039-BC7C-BDAB497DC4AF}.Debug|x64.ActiveCfg = Debug|x64
		{5DCE3242-13DC-4039-BC7C-BDAB497DC4AF}.Debug|x64.Build.0 = Debug|x64
		{5DCE3242-13DC-4039-BC7C-BDAB497DC4AF}.Debug|x86.ActiveCfg = Debug|Win32
		{5DCE3242-13DC-4039-BC7C-BDAB497DC4AF}.Debug|x86.Build.0 = Debug|Win32
		{5DCE3242-13DC-4039-BC7C-BDAB497DC4AF}.Release|x64.ActiveCfg = Release|x64
		{5DCE3242-13DC-4039-BC7C-BDAB497DC4AF}.Release|x64.Build.0 = Release|x64
		{5DCE3242-13DC-4039-BC7C-BDAB497DC4AF}.Release|x86.ActiveCfg = Release|Win32
		{5DCE3242-13DC-4039-BC7C-BDAB497DC4AF}.Release|x86.Build.0 = Release|Win32
		{41369A81-50EC-43FC-8E45-B3E0FA0613FE}.Debug|x64.ActiveCfg = Debug|x64
		{41369A81-50EC-43FC-8E45-B3E0FA0613FE}.Debug|x64.Build.0 = Debug|x64
		{41369A81-50EC-43FC-8E45-B3E0FA0613FE}.Debug|x86.ActiveCfg = Debug|Win32
		{41369A81-50EC-43FC-8E45-B3E0FA0613FE}.Debug|x86.Build.0 = Debug|Win32
		{41369A81-50EC-43FC-8E45-B3E0FA0613FE}.Release|x64.ActiveCfg = Release|x64
		{41369A81-50EC-43FC-8E45-B3E0FA0613FE}.Release|x64.Build.0 = Release|x64
		{41369A81-50EC-43FC-8E45-B3E0FA0613FE}.Release|x86.ActiveCfg = Release|Win32
		{41369A81-50EC-43FC-8E45-B3E0FA0613FE}.Release|x86.Build.0 = Release|Win32
		{43B95CB2-E88E-4301-B07C-72EE59DC3ED1}.Debug|x64.ActiveCfg = Debug|x64
		{43B95CB2-E88E-4301-B07C-72EE59DC3ED1}.Debug|x64.Build.0 = Debug|x64
		{43B95CB2-E88E-4301-B07C-72EE59DC3ED1}.Debug|x86.ActiveCfg = Debug|Win32
		{43B95CB2-E88E-4301-B07C-72EE59DC3ED1}.Debug|x86.Build.0 = Debug|Win32
		{43B95CB2-E88E-4301-B07C-72EE59DC3ED1}.Release|x64.ActiveCfg = Release|x64
		{43B95CB2-E88E-4301-B07C-72EE59DC3ED1}.Release|x64.Build.0 = Release|x64
		{43B95CB2-E88E-4301-B07C-72EE59DC3ED1}.Release|x86.ActiveCfg = Release|Win32
		{43B95CB2-E88E-4301-B07C-72EE59DC3ED1}.Release|x86.Build.0 = Release|Win32
		{862175AC-EEBA-4A52-8BE6-9702C67F4076}.Debug|x64.ActiveCfg = Debug|x64
		{862175AC-EEBA-4A52-8BE6-9702C67F4076}.Debug|x64.Build.0 = Debug|x64
		{862175AC-EEBA-4A52-8BE6-9702C67F4076}.Debug|x86.ActiveCfg = Debug|Win32
		{862175AC-EEBA-4A52-8BE6-9702C67F4076}.Debug|x86.Build.0 = Debug|Win32
		{862175AC-EEBA-4A52-8BE6-9702C67F4076}.Release|x64.ActiveCfg = Release|x64
		{862175AC-EEBA-4A52-8BE6-9702C67F4076}.Release|x64.Build.0 = Release|x64
		{862175AC-EEBA-4A52-8BE6-9702C67F4076}.Release|x86.ActiveCfg = Release|Win32
		{862175AC-EEBA-4A52-8BE6-9702C67F4076}.Release|x86.Build.0 = Release|Win32
		{35807F3D-CFB2-4665-BF3B-F7DAE64ED681}.Debug|x64.ActiveCfg = Debug|x64
		{35807F3D-CFB2-4665-BF3B-F7DAE64ED681}.Debug|x64.Build.0 = Debug|x64
		{35807F3D-CFB2-4665-BF3B-F7DAE64ED681}.Debug|x86.ActiveCfg = Debug|Win32
		{35807F3D-CFB2-4665-BF3B-F7DAE64ED681}.Debug|x86.Build.0 = Debug|Win32
		{35807F3D-CFB2-4665-BF3B-F7DAE64ED681}.Release|x64.ActiveCfg = Release|x64
		{35807F3D-CFB2-4665-BF3B-F7DAE64ED681}.Release|x64.Build.0 = Release|x64
		{35807F3D-CFB2-4665-BF3B-F7DAE64ED681}.Release|x86.ActiveCfg = Release|Win32
		{35807F3D-CFB2-4665-BF3B-F7DAE64ED681}.Release|x86.Build.0 = Release|Win32
		{5CBBC855-D1F2-4DF6-B774-11DF2CD3FACE}.Debug|x64.ActiveCfg = Debug|x64
		{5CBBC855-D1F2-4DF6-B774-11DF2CD3FACE}.Debug|x64.Build.0 = Debug|x64
		{5CBBC855-D1F2-4DF6-B774-11DF2CD3FACE}.Debug|x86.ActiveCfg = Debug|Win32
		{5CBBC855-D1F2-4DF6-B774-11DF2CD3FACE}.Debug|x86.Build.0 = Debug|Win32
		{5CBBC855-D1F2-4DF6-B774-11DF2CD3FACE}.Release|x64.ActiveCfg = Release|x64
		{5CBBC855-D1F2-4DF6-B774-11DF2CD3FACE}.Release|x64.Build.0 = Release|x64
		{5CBBC855-D1F2-4DF6-B774-11DF2CD3FACE}.Release|x86.ActiveCfg = Release|Win32
		{5CBBC855-D1F2-4DF6-B774-11DF2CD3FACE}.Release|x86.Build.0 = Release|Win32
		{E049EDF2-9D10-4506-824A-8BB73D9697D6}.Debug|x64.ActiveCfg = Debug|x64
		{E049EDF2-9D10-4506-824A-8BB73D9697D6}.Debug|x64.Build.0 = Debug|x64
		{E049EDF2-9D10-4506-824A-8BB73D9697D6}.Debug|x86.ActiveCfg = Debug|Win32
		{E049EDF2-9D10-4506-824A-8BB73D9697D6}.Debug|x86.Build.0 = Debug|Win32
		{E049EDF2-9D10-4506-824A-8BB73D9697D6}.Release|x64.ActiveCfg = Release|x64
		{E049EDF2-9D10-4506-824A-8BB73D9697D6}.Release|x64.Build.0 = Release|x64
		{E049EDF2-9D10-4506-824A-8BB73D9697D6}.Release|x86.ActiveCfg = Release|Win32
		{E049EDF2-9D10-4506-824A-8BB73D9697D6}.Release|x86.Build.0 = Release|Win32
		{D84BFE60-AA3C-423B-AFE4-91E4411EF90D}.Debug|x64.ActiveCfg = Debug|x64
		{D84BFE60-AA3C-423B-AFE4-91E4411EF90D}.Debug|x64.Build.0 = Debug|x64
		{D84BFE60-AA3C-423B-AFE4-91E4411EF90D}.Debug|x86.ActiveCfg = Debug|Win32
		{D84BFE60-AA3C-423B-AFE4-91E4411EF90D}.Debug|x86.Build.0 = Debug|Win32
		{D84BFE60-AA3C-423B-AFE4-91E4411EF90D}.Release|x64.ActiveCfg = Release|x64
		{D84BFE60-AA3C-423B-AFE4-91E4411EF90D}.Release|x64.Build.0 = Release|x64
		{D84BFE60-AA3C-423B-AFE4-91E4411EF90D}.Release|x86.ActiveCfg = Release|Win32
		{D84BFE60-AA3C-423B-AFE4-91E4411EF90D}.Release|x86.Build.0 = Release|Win32
		{D8B91165-3584-4E9F-A96B-6F9AAA1CE13C}.Debug|x64.ActiveCfg = Debug|x64
		{D8B91165-3584-4E9F-A96B-6F9AAA1CE13C}.Debug|x64.Build.0 = Debug|x64
		{D8B91165-3584-4E9F-A96B-6F9AAA1CE13C}.Debug|x86.ActiveCfg = Debug|Win32
		{D8B91165-3584-4E9F-A96B-6F9AAA1CE13C}.Debug|x86.Build.0 = Debug|Win32
		{D8B91165-3584-4E9F-A96B-6F9AAA1CE13C}.Release|x64.ActiveCfg = Release|x64
		{D8B91165-3584-4E9F-A96B-6F9AAA1CE13C}.Release|x64.Build.0 = Release|x64
		{D8B91165-3584-4E9F-A96B-6F9AAA1CE13C}.Release|x86.ActiveCfg = Release|Win32
		{D8B91165-3584-4E9F-A96B-6F9AAA1CE13C}.Release|x86.Build.0 = Release|Win32
		{148EB90D-3F08-438E-A6B0-B1321E539288}.Debug|x64.ActiveCfg = Debug|x64
		{148EB90D-3F08-438E-A6B0-B1321E539288}.Debug|x64.Build.0 = Debug|x64
		{148EB90D-3F08-438E-A6B0-B1321E539288}.Debug|x86.ActiveCfg = Debug|Win32
		{148EB90D-3F08-438E-A6B0-B1321E539288}.Debug|x86.Build.0 = Debug|Win32
		{148EB90D-3F08-438E-A6B0-B1321E539288}.Release|x64.ActiveCfg = Release|x64
		{148EB90D-3F08-438E-A6B0-B1321E539288}.Release|x64.Build.0 = Release|x64
		{148EB90D-3F08-438E-A6B0-B1321E539288}.Release|x86.ActiveCfg = Release|Win32
		{148EB90D-3F08-438E-A6B0-B1321E539288}.Release|x86.Build.0 = Release|Win32
		{66D0B9A6-2434-43EF-B477-2F5F08448630}.Debug|x64.ActiveCfg = Debug|x64
		{66D0B9A6-2434-43EF-B477-2F5F08448630}.Debug|x64.Build.0 = Debug|x64
		{66D0B9A6-2434-43EF-B477-2F5F08448630}.Debug|x86.ActiveCfg = Debug|Win32
		{66D0B9A6-2434-43EF-B477-2F5F08448630}.Debug|x86.Build.0 = Debug|Win32
		{66D0B9A6-2434-43EF-B477-2F5F08448630}.Release|x64.ActiveCfg = Release|x64
		{66D0B9A6-2434-43EF-B477-2F5F08448630}.Release|x64.Build.0 = Release|x64
		{66D0B9A6-2434-43EF-B477-2F5F08448630}.Release|x86.ActiveCfg = Release|Win32
		{66D0B9A6-2434-43EF-B477-2F5F08448630}.Release|x86.Build.0 = Release|Win32
		{F30EED68-8800-4342-B733-5C3F5A405E13}.Debug|x64.ActiveCfg = Debug|x64
		{F30EED68-8800-4342-B733-5C3F5A405E13}.Debug|x64.Build.0 = Debug|x64
		{F30EED68-8800-4342-B733-5C3F5A405E13}.Debug|x86.ActiveCfg = Debug|Win32
		{F30EED68-8800-4342-B733-5C3F5A405E13}.Debug|x86.Build.0 = Debug|Win32
		{F30EED68-8800-4342-B733-5C3F5A405E13}.Release|x64.ActiveCfg = Release|x64
		{F30EED68-8800-4342-B733-5C3F5A405E13}.Release|x64.Build.0 = Release|x64
		{F30EED68-8800-4342-B733-5C3F5A405E13}.Release|x86.ActiveCfg = Release|Win32
		{F30EED68-8800-4342-B733-5C3F5A405E13}.Release|x86.Build.0 = Release|Win32
		{05566DA3-4D24-43F3-A729-DAE7D8CDAADF}.Debug|x64.ActiveCfg = Debug|x64
		{05566DA3-4D24-43F3-A729-DAE7D8CDAADF}.Debug|x64.Build.0 = Debug|x64
		{05566DA3-4D24-43F3-A729-DAE7D8CDAADF}.Debug|x86.ActiveCfg = Debug|Win32
		{05566DA3-4D24-43F3-A729-DAE7D8CDAADF}.Debug|x86.Build.0 = Debug|Win32
		{05566DA3-4D24-43F3-A729-DAE7D8CDAADF}.Release|x64.ActiveCfg = Release|x64
		{05566DA3-4D24-43F3-A729-DAE7D8CDAADF}.Release|x64.Build.0 = Release|x64
		{05566DA3-4D24-43F3-A729-DAE7D8CDAADF}.Release|x86.ActiveCfg = Release|Win32
		{05566DA3-4D24-43F3-A729-DAE7D8CDAADF}.Release|x86.Build.0 = Release|Win32
	EndGlobalSection
	GlobalSection(SolutionProperties) = preSolution
		HideSolutionNode = FALSE
	EndGlobalSection
	GlobalSection(NestedProjects) = preSolution
		{AD75BEC2-520F-4D35-A219-CA0D922751F6} = {1E3EDEFC-6E2B-438A-81CD-FC5BA448796A}
		{5CBBC855-D1F2-4DF6-B774-11DF2CD3FACE} = {1E3EDEFC-6E2B-438A-81CD-FC5BA448796A}
		{148EB90D-3F08-438E-A6B0-B1321E539288} = {1E3EDEFC-6E2B-438A-81CD-FC5BA448796A}
	EndGlobalSection
EndGlobal
